dotnet 
Microsoft Visual Studio Solution File, Format Version 12.00
# Visual Studio Version 17
VisualStudioVersion = 17.0.31903.59
MinimumVisualStudioVersion = 10.0.40219.1
Project("{2150E333-8FDC-42A3-9474-1A3956D46DE8}") = "src", "src", "{13CB0BFC-C0C4-4409-9C79-64383C6AC78E}"
EndProject
Project("{2150E333-8FDC-42A3-9474-1A3956D46DE8}") = "Usuarios", "Usuarios", "{3DF4706E-C434-4FC5-A1A0-46762C5D7911}"
EndProject
Project("{FAE04EC0-301F-11D3-BF4B-00C04F79EFBC}") = "Usuarios.Domain", "src\Usuarios\Usuarios.Domain\Usuarios.Domain.csproj", "{14833785-08EE-4ECF-8A22-46E7F2F0F900}"
EndProject
Global
	GlobalSection(SolutionConfigurationPlatforms) = preSolution
		Debug|Any CPU = Debug|Any CPU
		Release|Any CPU = Release|Any CPU
	EndGlobalSection
	GlobalSection(SolutionProperties) = preSolution
		HideSolutionNode = FALSE
	EndGlobalSection
	GlobalSection(ProjectConfigurationPlatforms) = postSolution
		{14833785-08EE-4ECF-8A22-46E7F2F0F900}.Debug|Any CPU.ActiveCfg = Debug|Any CPU
		{14833785-08EE-4ECF-8A22-46E7F2F0F900}.Debug|Any CPU.Build.0 = Debug|Any CPU
		{14833785-08EE-4ECF-8A22-46E7F2F0F900}.Release|Any CPU.ActiveCfg = Release|Any CPU
		{14833785-08EE-4ECF-8A22-46E7F2F0F900}.Release|Any CPU.Build.0 = Release|Any CPU
	EndGlobalSection
	GlobalSection(NestedProjects) = preSolution
		{3DF4706E-C434-4FC5-A1A0-46762C5D7911} = {13CB0BFC-C0C4-4409-9C79-64383C6AC78E}
		{14833785-08EE-4ECF-8A22-46E7F2F0F900} = {3DF4706E-C434-4FC5-A1A0-46762C5D7911}
	EndGlobalSection
EndGlobal
